Microsoft Visual Studio Solution File, Format Version 12.00
# Visual Studio 2012
Project("{FAE04EC0-301F-11D3-BF4B-00C04F79EFBC}") = "Dodge The Creeps", "Dodge The Creeps.csproj", "{B2845354-2E87-4523-91B9-740B6030BABC}"
EndProject
Global
	GlobalSection(SolutionConfigurationPlatforms) = preSolution
	Debug|Any CPU = Debug|Any CPU
	ExportDebug|Any CPU = ExportDebug|Any CPU
	ExportRelease|Any CPU = ExportRelease|Any CPU
	EndGlobalSection
	GlobalSection(ProjectConfigurationPlatforms) = postSolution
		{B2845354-2E87-4523-91B9-740B6030BABC}.Debug|Any CPU.ActiveCfg = Debug|Any CPU
		{B2845354-2E87-4523-91B9-740B6030BABC}.Debug|Any CPU.Build.0 = Debug|Any CPU
		{B2845354-2E87-4523-91B9-740B6030BABC}.ExportDebug|Any CPU.ActiveCfg = ExportDebug|Any CPU
		{B2845354-2E87-4523-91B9-740B6030BABC}.ExportDebug|Any CPU.Build.0 = ExportDebug|Any CPU
		{B2845354-2E87-4523-91B9-740B6030BABC}.ExportRelease|Any CPU.ActiveCfg = ExportRelease|Any CPU
		{B2845354-2E87-4523-91B9-740B6030BABC}.ExportRelease|Any CPU.Build.0 = ExportRelease|Any CPU
	EndGlobalSection
EndGlobal
